<?xml version="1.0" encoding="UTF-8" standalone="yes" ?>
<CodeBlocks_project_file>
	<FileVersion major="1" minor="6" />
	<Project>
		<Option title="TPsistemaoperativo" />
		<Option pch_mode="2" />
		<Option compiler="gcc" />
		<Build>
			<Target title="Debug">
				<Option output="bin/Debug/TPsistemaoperativo" prefix_auto="1" extension_auto="1" />
				<Option object_output="obj/Debug/" />
				<Option type="1" />
				<Option compiler="gcc" />
				<Compiler>
					<Add option="-g" />
					<Add directory="include" />
				</Compiler>
			</Target>
			<Target title="Release">
				<Option output="bin/Release/TPsistemaoperativo" prefix_auto="1" extension_auto="1" />
				<Option object_output="obj/Release/" />
				<Option type="1" />
				<Option compiler="gcc" />
				<Compiler>
					<Add option="-O2" />
					<Add directory="include" />
				</Compiler>
				<Linker>
					<Add option="-s" />
				</Linker>
			</Target>
		</Build>
		<Compiler>
			<Add option="-Wall" />
			<Add option="-fexceptions" />
		</Compiler>
			<Unit filename="include/ColaSincronizada.h" />
			<Unit filename="include/Estado_IO.h" />
			<Unit filename="include/Estructuras.h" />
		<Unit filename="include/PCB.h" />
		<Unit filename="include/Reloj.h" />
		<Unit filename="include/Sistema_operativo.h" />
		<Unit filename="include/bios.h" />
		<Unit filename="include/config.h" />
		<Unit filename="include/cpu.h" />
		<Unit filename="include/dispositivos_IO.h" />
		<Unit filename="include/marco.h" />
		<Unit filename="include/memoria_prpal.h" />
		<Unit filename="include/memoria_sec.h" />
		<Unit filename="main.cpp" />
			<Unit filename="src/ColaSincronizada.cpp" />
			<Unit filename="src/Estado_IO.cpp" />
			<Unit filename="src/Estructuras.cpp" />
		<Unit filename="src/PCB.cpp" />
		<Unit filename="src/Reloj.cpp" />
		<Unit filename="src/Sistema_operativo.cpp" />
		<Unit filename="src/bios.cpp" />
		<Unit filename="src/config.cpp" />
		<Unit filename="src/cpu.cpp" />
		<Unit filename="src/dispositivos_IO.cpp" />
		<Unit filename="src/marco.cpp" />
		<Unit filename="src/memoria_prpal.cpp" />
		<Unit filename="src/memoria_sec.cpp" />
		<Extensions>
			<lib_finder disable_auto="1" />
		</Extensions>
	</Project>
</CodeBlocks_project_file>
